{
  "name": "@irori/idbfs",
  "version": "0.1.0",
  "lockfileVersion": 2,
  "requires": true,
  "packages": {
    "": {
      "name": "@irori/idbfs",
      "version": "0.1.0",
      "license": "Unlicense",
      "dependencies": {
        "@types/emscripten": "^1.39.8"
      }
    },
    "node_modules/@types/emscripten": {
      "version": "1.39.8",
      "resolved": "https://registry.npmjs.org/@types/emscripten/-/emscripten-1.39.8.tgz",
      "integrity": "sha512-Rk0HKcMXFUuqT32k1kXHZWgxiMvsyYsmlnjp0rLKa0MMoqXLE3T9dogDBTRfuc3SAsXu97KD3k4SKR1lHqd57w=="
    }
  },
  "dependencies": {
    "@types/emscripten": {
      "version": "1.39.8",
      "resolved": "https://registry.npmjs.org/@types/emscripten/-/emscripten-1.39.8.tgz",
      "integrity": "sha512-Rk0HKcMXFUuqT32k1kXHZWgxiMvsyYsmlnjp0rLKa0MMoqXLE3T9dogDBTRfuc3SAsXu97KD3k4SKR1lHqd57w=="
    }
  }
}
